
Microsoft Visual Studio Solution File, Format Version 12.00
# Visual Studio Version 17
VisualStudioVersion = 17.13.35913.81
MinimumVisualStudioVersion = 10.0.40219.1
Project("{FAE04EC0-301F-11D3-BF4B-00C04F79EFBC}") = "OdontoSysFrontEnd", "OdontoSysFrontEnd\OdontoSysFrontEnd.csproj", "{030AC3FC-FA29-4379-B5FE-F8139B24F573}"
EndProject
Project("{FAE04EC0-301F-11D3-BF4B-00C04F79EFBC}") = "OdontoSysModel", "OdontoSysModel\OdontoSysModel.csproj", "{A19C7AE0-132D-40C9-9BBE-31ABFBB0AB9A}"
EndProject
Global
	GlobalSection(SolutionConfigurationPlatforms) = preSolution
		Debug|Any CPU = Debug|Any CPU
		Release|Any CPU = Release|Any CPU
	EndGlobalSection
	GlobalSection(ProjectConfigurationPlatforms) = postSolution
		{030AC3FC-FA29-4379-B5FE-F8139B24F573}.Debug|Any CPU.ActiveCfg = Debug|Any CPU
		{030AC3FC-FA29-4379-B5FE-F8139B24F573}.Debug|Any CPU.Build.0 = Debug|Any CPU
		{030AC3FC-FA29-4379-B5FE-F8139B24F573}.Release|Any CPU.ActiveCfg = Release|Any CPU
		{030AC3FC-FA29-4379-B5FE-F8139B24F573}.Release|Any CPU.Build.0 = Release|Any CPU
		{A19C7AE0-132D-40C9-9BBE-31ABFBB0AB9A}.Debug|Any CPU.ActiveCfg = Debug|Any CPU
		{A19C7AE0-132D-40C9-9BBE-31ABFBB0AB9A}.Debug|Any CPU.Build.0 = Debug|Any CPU
		{A19C7AE0-132D-40C9-9BBE-31ABFBB0AB9A}.Release|Any CPU.ActiveCfg = Release|Any CPU
		{A19C7AE0-132D-40C9-9BBE-31ABFBB0AB9A}.Release|Any CPU.Build.0 = Release|Any CPU
	EndGlobalSection
	GlobalSection(SolutionProperties) = preSolution
		HideSolutionNode = FALSE
	EndGlobalSection
	GlobalSection(ExtensibilityGlobals) = postSolution
		SolutionGuid = {D3B5F049-BB0B-4F89-8970-B3D68B10DDD0}
	EndGlobalSection
EndGlobal
